// !$*UTF8*$!
{
	archiveVersion = 1;
	classes = {
	};
	objectVersion = 77;
	objects = {

/* Begin PBXBuildFile section */
		F0918AD82CA5562D001DAA12 /* .gitignore in Resources */ = {isa = PBXBuildFile; fileRef = F0918AD72CA55622001DAA12 /* .gitignore */; };
/* End PBXBuildFile section */

/* Begin PBXContainerItemProxy section */
		F0918ABB2CA55452001DAA12 /* PBXContainerItemProxy */ = {
			isa = PBXContainerItemProxy;
			containerPortal = F0918A9D2CA5544F001DAA12 /* Project object */;
			proxyType = 1;
			remoteGlobalIDString = F0918AA42CA5544F001DAA12;
			remoteInfo = "Challenge 1";
		};
		F0918AC52CA55452001DAA12 /* PBXContainerItemProxy */ = {
			isa = PBXContainerItemProxy;
			containerPortal = F0918A9D2CA5544F001DAA12 /* Project object */;
			proxyType = 1;
			remoteGlobalIDString = F0918AA42CA5544F001DAA12;
			remoteInfo = "Challenge 1";
		};
/* End PBXContainerItemProxy section */

/* Begin PBXFileReference section */
		F0918AA52CA5544F001DAA12 /* Challenge 1.app */ = {isa = PBXFileReference; explicitFileType = wrapper.application; includeInIndex = 0; path = "Challenge 1.app"; sourceTree = BUILT_PRODUCTS_DIR; };
		F0918ABA2CA55452001DAA12 /* Challenge 1Tests.xctest */ = {isa = PBXFileReference; explicitFileType = wrapper.cfbundle; includeInIndex = 0; path = "Challenge 1Tests.xctest"; sourceTree = BUILT_PRODUCTS_DIR; };
		F0918AC42CA55452001DAA12 /* Challenge 1UITests.xctest */ = {isa = PBXFileReference; explicitFileType = wrapper.cfbundle; includeInIndex = 0; path = "Challenge 1UITests.xctest"; sourceTree = BUILT_PRODUCTS_DIR; };
		F0918AD72CA55622001DAA12 /* .gitignore */ = {isa = PBXFileReference; lastKnownFileType = text; path = .gitignore; sourceTree = "<group>"; };
/* End PBXFileReference section */

/* Begin PBXFileSystemSynchronizedRootGroup section */
		F0918AA72CA5544F001DAA12 /* Challenge 1 */ = {
			isa = PBXFileSystemSynchronizedRootGroup;
			path = "Challenge 1";
			sourceTree = "<group>";
		};
		F0918ABD2CA55452001DAA12 /* Challenge 1Tests */ = {
			isa = PBXFileSystemSynchronizedRootGroup;
			path = "Challenge 1Tests";
			sourceTree = "<group>";
		};
		F0918AC72CA55452001DAA12 /* Challenge 1UITests */ = {
			isa = PBXFileSystemSynchronizedRootGroup;
			path = "Challenge 1UITests";
			sourceTree = "<group>";
		};
/* End PBXFileSystemSynchronizedRootGroup section */

/* Begin PBXFrameworksBuildPhase section */
		F0918AA22CA5544F001DAA12 /* Frameworks */ = {
			isa = PBXFrameworksBuildPhase;
			buildActionMask = 2147483647;
			files = (
			);
			runOnlyForDeploymentPostprocessing = 0;
		};
		F0918AB72CA55452001DAA12 /* Frameworks */ = {
			isa = PBXFrameworksBuildPhase;
			buildActionMask = 2147483647;
			files = (
			);
			runOnlyForDeploymentPostprocessing = 0;
		};
		F0918AC12CA55452001DAA12 /* Frameworks */ = {
			isa = PBXFrameworksBuildPhase;
			buildActionMask = 2147483647;
			files = (
			);
			runOnlyForDeploymentPostprocessing = 0;
		};
/* End PBXFrameworksBuildPhase section */

/* Begin PBXGroup section */
		F0918A9C2CA5544F001DAA12 = {
			isa = PBXGroup;
			children = (
				F0918AD72CA55622001DAA12 /* .gitignore */,
				F0918AA72CA5544F001DAA12 /* Challenge 1 */,
				F0918ABD2CA55452001DAA12 /* Challenge 1Tests */,
				F0918AC72CA55452001DAA12 /* Challenge 1UITests */,
				F0918AA62CA5544F001DAA12 /* Products */,
			);
			sourceTree = "<group>";
		};
		F0918AA62CA5544F001DAA12 /* Products */ = {
			isa = PBXGroup;
			children = (
				F0918AA52CA5544F001DAA12 /* Challenge 1.app */,
				F0918ABA2CA55452001DAA12 /* Challenge 1Tests.xctest */,
				F0918AC42CA55452001DAA12 /* Challenge 1UITests.xctest */,
			);
			name = Products;
			sourceTree = "<group>";
		};
/* End PBXGroup section */

/* Begin PBXNativeTarget section */
		F0918AA42CA5544F001DAA12 /* Challenge 1 */ = {
			isa = PBXNativeTarget;
			buildConfigurationList = F0918ACE2CA55452001DAA12 /* Build configuration list for PBXNativeTarget "Challenge 1" */;
			buildPhases = (
				F0918AA12CA5544F001DAA12 /* Sources */,
				F0918AA22CA5544F001DAA12 /* Frameworks */,
				F0918AA32CA5544F001DAA12 /* Resources */,
			);
			buildRules = (
			);
			dependencies = (
			);
			fileSystemSynchronizedGroups = (
				F0918AA72CA5544F001DAA12 /* Challenge 1 */,
			);
			name = "Challenge 1";
			packageProductDependencies = (
			);
			productName = "Challenge 1";
			productReference = F0918AA52CA5544F001DAA12 /* Challenge 1.app */;
			productType = "com.apple.product-type.application";
		};
		F0918AB92CA55452001DAA12 /* Challenge 1Tests */ = {
			isa = PBXNativeTarget;
			buildConfigurationList = F0918AD12CA55452001DAA12 /* Build configuration list for PBXNativeTarget "Challenge 1Tests" */;
			buildPhases = (
				F0918AB62CA55452001DAA12 /* Sources */,
				F0918AB72CA55452001DAA12 /* Frameworks */,
				F0918AB82CA55452001DAA12 /* Resources */,
			);
			buildRules = (
			);
			dependencies = (
				F0918ABC2CA55452001DAA12 /* PBXTargetDependency */,
			);
			fileSystemSynchronizedGroups = (
				F0918ABD2CA55452001DAA12 /* Challenge 1Tests */,
			);
			name = "Challenge 1Tests";
			packageProductDependencies = (
			);
			productName = "Challenge 1Tests";
			productReference = F0918ABA2CA55452001DAA12 /* Challenge 1Tests.xctest */;
			productType = "com.apple.product-type.bundle.unit-test";
		};
		F0918AC32CA55452001DAA12 /* Challenge 1UITests */ = {
			isa = PBXNativeTarget;
			buildConfigurationList = F0918AD42CA55452001DAA12 /* Build configuration list for PBXNativeTarget "Challenge 1UITests" */;
			buildPhases = (
				F0918AC02CA55452001DAA12 /* Sources */,
				F0918AC12CA55452001DAA12 /* Frameworks */,
				F0918AC22CA55452001DAA12 /* Resources */,
			);
			buildRules = (
			);
			dependencies = (
				F0918AC62CA55452001DAA12 /* PBXTargetDependency */,
			);
			fileSystemSynchronizedGroups = (
				F0918AC72CA55452001DAA12 /* Challenge 1UITests */,
			);
			name = "Challenge 1UITests";
			packageProductDependencies = (
			);
			productName = "Challenge 1UITests";
			productReference = F0918AC42CA55452001DAA12 /* Challenge 1UITests.xctest */;
			productType = "com.apple.product-type.bundle.ui-testing";
		};
/* End PBXNativeTarget section */

/* Begin PBXProject section */
		F0918A9D2CA5544F001DAA12 /* Project object */ = {
			isa = PBXProject;
			attributes = {
				BuildIndependentTargetsInParallel = 1;
				LastSwiftUpdateCheck = 1600;
				LastUpgradeCheck = 1600;
				TargetAttributes = {
					F0918AA42CA5544F001DAA12 = {
						CreatedOnToolsVersion = 16.0;
					};
					F0918AB92CA55452001DAA12 = {
						CreatedOnToolsVersion = 16.0;
						TestTargetID = F0918AA42CA5544F001DAA12;
					};
					F0918AC32CA55452001DAA12 = {
						CreatedOnToolsVersion = 16.0;
						TestTargetID = F0918AA42CA5544F001DAA12;
					};
				};
			};
			buildConfigurationList = F0918AA02CA5544F001DAA12 /* Build configuration list for PBXProject "Challenge 1" */;
			developmentRegion = en;
			hasScannedForEncodings = 0;
			knownRegions = (
				en,
				Base,
			);
			mainGroup = F0918A9C2CA5544F001DAA12;
			minimizedProjectReferenceProxies = 1;
			preferredProjectObjectVersion = 77;
			productRefGroup = F0918AA62CA5544F001DAA12 /* Products */;
			projectDirPath = "";
			projectRoot = "";
			targets = (
				F0918AA42CA5544F001DAA12 /* Challenge 1 */,
				F0918AB92CA55452001DAA12 /* Challenge 1Tests */,
				F0918AC32CA55452001DAA12 /* Challenge 1UITests */,
			);
		};
/* End PBXProject section */

/* Begin PBXResourcesBuildPhase section */
		F0918AA32CA5544F001DAA12 /* Resources */ = {
			isa = PBXResourcesBuildPhase;
			buildActionMask = 2147483647;
			files = (
				F0918AD82CA5562D001DAA12 /* .gitignore in Resources */,
			);
			runOnlyForDeploymentPostprocessing = 0;
		};
		F0918AB82CA55452001DAA12 /* Resources */ = {
			isa = PBXResourcesBuildPhase;
			buildActionMask = 2147483647;
			files = (
			);
			runOnlyForDeploymentPostprocessing = 0;
		};
		F0918AC22CA55452001DAA12 /* Resources */ = {
			isa = PBXResourcesBuildPhase;
			buildActionMask = 2147483647;
			files = (
			);
			runOnlyForDeploymentPostprocessing = 0;
		};
/* End PBXResourcesBuildPhase section */

/* Begin PBXSourcesBuildPhase section */
		F0918AA12CA5544F001DAA12 /* Sources */ = {
			isa = PBXSourcesBuildPhase;
			buildActionMask = 2147483647;
			files = (
			);
			runOnlyForDeploymentPostprocessing = 0;
		};
		F0918AB62CA55452001DAA12 /* Sources */ = {
			isa = PBXSourcesBuildPhase;
			buildActionMask = 2147483647;
			files = (
			);
			runOnlyForDeploymentPostprocessing = 0;
		};
		F0918AC02CA55452001DAA12 /* Sources */ = {
			isa = PBXSourcesBuildPhase;
			buildActionMask = 2147483647;
			files = (
			);
			runOnlyForDeploymentPostprocessing = 0;
		};
/* End PBXSourcesBuildPhase section */

/* Begin PBXTargetDependency section */
		F0918ABC2CA55452001DAA12 /* PBXTargetDependency */ = {
			isa = PBXTargetDependency;
			target = F0918AA42CA5544F001DAA12 /* Challenge 1 */;
			targetProxy = F0918ABB2CA55452001DAA12 /* PBXContainerItemProxy */;
		};
		F0918AC62CA55452001DAA12 /* PBXTargetDependency */ = {
			isa = PBXTargetDependency;
			target = F0918AA42CA5544F001DAA12 /* Challenge 1 */;
			targetProxy = F0918AC52CA55452001DAA12 /* PBXContainerItemProxy */;
		};
/* End PBXTargetDependency section */

/* Begin XCBuildConfiguration section */
		F0918ACC2CA55452001DAA12 /* Debug */ = {
			isa = XCBuildConfiguration;
			buildSettings = {
				ALWAYS_SEARCH_USER_PATHS = NO;
				ASSETCATALOG_COMPILER_GENERATE_SWIFT_ASSET_SYMBOL_EXTENSIONS = YES;
				CLANG_ANALYZER_NONNULL = YES;
				CLANG_ANALYZER_NUMBER_OBJECT_CONVERSION = YES_AGGRESSIVE;
				CLANG_CXX_LANGUAGE_STANDARD = "gnu++20";
				CLANG_ENABLE_MODULES = YES;
				CLANG_ENABLE_OBJC_ARC = YES;
				CLANG_ENABLE_OBJC_WEAK = YES;
				CLANG_WARN_BLOCK_CAPTURE_AUTORELEASING = YES;
				CLANG_WARN_BOOL_CONVERSION = YES;
				CLANG_WARN_COMMA = YES;
				CLANG_WARN_CONSTANT_CONVERSION = YES;
				CLANG_WARN_DEPRECATED_OBJC_IMPLEMENTATIONS = YES;
				CLANG_WARN_DIRECT_OBJC_ISA_USAGE = YES_ERROR;
				CLANG_WARN_DOCUMENTATION_COMMENTS = YES;
				CLANG_WARN_EMPTY_BODY = YES;
				CLANG_WARN_ENUM_CONVERSION = YES;
				CLANG_WARN_INFINITE_RECURSION = YES;
				CLANG_WARN_INT_CONVERSION = YES;
				CLANG_WARN_NON_LITERAL_NULL_CONVERSION = YES;
				CLANG_WARN_OBJC_IMPLICIT_RETAIN_SELF = YES;
				CLANG_WARN_OBJC_LITERAL_CONVERSION = YES;
				CLANG_WARN_OBJC_ROOT_CLASS = YES_ERROR;
				CLANG_WARN_QUOTED_INCLUDE_IN_FRAMEWORK_HEADER = YES;
				CLANG_WARN_RANGE_LOOP_ANALYSIS = YES;
				CLANG_WARN_STRICT_PROTOTYPES = YES;
				CLANG_WARN_SUSPICIOUS_MOVE = YES;
				CLANG_WARN_UNGUARDED_AVAILABILITY = YES_AGGRESSIVE;
				CLANG_WARN_UNREACHABLE_CODE = YES;
				CLANG_WARN__DUPLICATE_METHOD_MATCH = YES;
				COPY_PHASE_STRIP = NO;
				DEBUG_INFORMATION_FORMAT = dwarf;
				ENABLE_STRICT_OBJC_MSGSEND = YES;
				ENABLE_TESTABILITY = YES;
				ENABLE_USER_SCRIPT_SANDBOXING = YES;
				GCC_C_LANGUAGE_STANDARD = gnu17;
				GCC_DYNAMIC_NO_PIC = NO;
				GCC_NO_COMMON_BLOCKS = YES;
				GCC_OPTIMIZATION_LEVEL = 0;
				GCC_PREPROCESSOR_DEFINITIONS = (
					"DEBUG=1",
					"$(inherited)",
				);
				GCC_WARN_64_TO_32_BIT_CONVERSION = YES;
				GCC_WARN_ABOUT_RETURN_TYPE = YES_ERROR;
				GCC_WARN_UNDECLARED_SELECTOR = YES;
				GCC_WARN_UNINITIALIZED_AUTOS = YES_AGGRESSIVE;
				GCC_WARN_UNUSED_FUNCTION = YES;
				GCC_WARN_UNUSED_VARIABLE = YES;
				IPHONEOS_DEPLOYMENT_TARGET = 18.0;
				LOCALIZATION_PREFERS_STRING_CATALOGS = YES;
				MTL_ENABLE_DEBUG_INFO = INCLUDE_SOURCE;
				MTL_FAST_MATH = YES;
				ONLY_ACTIVE_ARCH = YES;
				SDKROOT = iphoneos;
				SWIFT_ACTIVE_COMPILATION_CONDITIONS = "DEBUG $(inherited)";
				SWIFT_OPTIMIZATION_LEVEL = "-Onone";
			};
			name = Debug;
		};
		F0918ACD2CA55452001DAA12 /* Release */ = {
			isa = XCBuildConfiguration;
			buildSettings = {
				ALWAYS_SEARCH_USER_PATHS = NO;
				ASSETCATALOG_COMPILER_GENERATE_SWIFT_ASSET_SYMBOL_EXTENSIONS = YES;
				CLANG_ANALYZER_NONNULL = YES;
				CLANG_ANALYZER_NUMBER_OBJECT_CONVERSION = YES_AGGRESSIVE;
				CLANG_CXX_LANGUAGE_STANDARD = "gnu++20";
				CLANG_ENABLE_MODULES = YES;
				CLANG_ENABLE_OBJC_ARC = YES;
				CLANG_ENABLE_OBJC_WEAK = YES;
				CLANG_WARN_BLOCK_CAPTURE_AUTORELEASING = YES;
				CLANG_WARN_BOOL_CONVERSION = YES;
				CLANG_WARN_COMMA = YES;
				CLANG_WARN_CONSTANT_CONVERSION = YES;
				CLANG_WARN_DEPRECATED_OBJC_IMPLEMENTATIONS = YES;
				CLANG_WARN_DIRECT_OBJC_ISA_USAGE = YES_ERROR;
				CLANG_WARN_DOCUMENTATION_COMMENTS = YES;
				CLANG_WARN_EMPTY_BODY = YES;
				CLANG_WARN_ENUM_CONVERSION = YES;
				CLANG_WARN_INFINITE_RECURSION = YES;
				CLANG_WARN_INT_CONVERSION = YES;
				CLANG_WARN_NON_LITERAL_NULL_CONVERSION = YES;
				CLANG_WARN_OBJC_IMPLICIT_RETAIN_SELF = YES;
				CLANG_WARN_OBJC_LITERAL_CONVERSION = YES;
				CLANG_WARN_OBJC_ROOT_CLASS = YES_ERROR;
				CLANG_WARN_QUOTED_INCLUDE_IN_FRAMEWORK_HEADER = YES;
				CLANG_WARN_RANGE_LOOP_ANALYSIS = YES;
				CLANG_WARN_STRICT_PROTOTYPES = YES;
				CLANG_WARN_SUSPICIOUS_MOVE = YES;
				CLANG_WARN_UNGUARDED_AVAILABILITY = YES_AGGRESSIVE;
				CLANG_WARN_UNREACHABLE_CODE = YES;
				CLANG_WARN__DUPLICATE_METHOD_MATCH = YES;
				COPY_PHASE_STRIP = NO;
				DEBUG_INFORMATION_FORMAT = "dwarf-with-dsym";
				ENABLE_NS_ASSERTIONS = NO;
				ENABLE_STRICT_OBJC_MSGSEND = YES;
				ENABLE_USER_SCRIPT_SANDBOXING = YES;
				GCC_C_LANGUAGE_STANDARD = gnu17;
				GCC_NO_COMMON_BLOCKS = YES;
				GCC_WARN_64_TO_32_BIT_CONVERSION = YES;
				GCC_WARN_ABOUT_RETURN_TYPE = YES_ERROR;
				GCC_WARN_UNDECLARED_SELECTOR = YES;
				GCC_WARN_UNINITIALIZED_AUTOS = YES_AGGRESSIVE;
				GCC_WARN_UNUSED_FUNCTION = YES;
				GCC_WARN_UNUSED_VARIABLE = YES;
				IPHONEOS_DEPLOYMENT_TARGET = 18.0;
				LOCALIZATION_PREFERS_STRING_CATALOGS = YES;
				MTL_ENABLE_DEBUG_INFO = NO;
				MTL_FAST_MATH = YES;
				SDKROOT = iphoneos;
				SWIFT_COMPILATION_MODE = wholemodule;
				VALIDATE_PRODUCT = YES;
			};
			name = Release;
		};
		F0918ACF2CA55452001DAA12 /* Debug */ = {
			isa = XCBuildConfiguration;
			buildSettings = {
				ASSETCATALOG_COMPILER_APPICON_NAME = AppIcon;
				ASSETCATALOG_COMPILER_GLOBAL_ACCENT_COLOR_NAME = AccentColor;
				CODE_SIGN_STYLE = Automatic;
				CURRENT_PROJECT_VERSION = 1;
				DEVELOPMENT_ASSET_PATHS = "\"Challenge 1/Preview Content\"";
				ENABLE_PREVIEWS = YES;
				GENERATE_INFOPLIST_FILE = YES;
				INFOPLIST_KEY_UIApplicationSceneManifest_Generation = YES;
				INFOPLIST_KEY_UIApplicationSupportsIndirectInputEvents = YES;
				INFOPLIST_KEY_UILaunchScreen_Generation = YES;
				INFOPLIST_KEY_UISupportedInterfaceOrientations_iPad = "UIInterfaceOrientationPortrait UIInterfaceOrientationPortraitUpsideDown UIInterfaceOrientationLandscapeLeft UIInterfaceOrientationLandscapeRight";
				INFOPLIST_KEY_UISupportedInterfaceOrientations_iPhone = "UIInterfaceOrientationPortrait UIInterfaceOrientationLandscapeLeft UIInterfaceOrientationLandscapeRight";
				LD_RUNPATH_SEARCH_PATHS = (
					"$(inherited)",
					"@executable_path/Frameworks",
				);
				MARKETING_VERSION = 1.0;
				PRODUCT_BUNDLE_IDENTIFIER = "com.dev5.Challenge-1";
				PRODUCT_NAME = "$(TARGET_NAME)";
				SWIFT_EMIT_LOC_STRINGS = YES;
				SWIFT_VERSION = 5.0;
				TARGETED_DEVICE_FAMILY = "1,2";
			};
			name = Debug;
		};
		F0918AD02CA55452001DAA12 /* Release */ = {
			isa = XCBuildConfiguration;
			buildSettings = {
				ASSETCATALOG_COMPILER_APPICON_NAME = AppIcon;
				ASSETCATALOG_COMPILER_GLOBAL_ACCENT_COLOR_NAME = AccentColor;
				CODE_SIGN_STYLE = Automatic;
				CURRENT_PROJECT_VERSION = 1;
				DEVELOPMENT_ASSET_PATHS = "\"Challenge 1/Preview Content\"";
				ENABLE_PREVIEWS = YES;
				GENERATE_INFOPLIST_FILE = YES;
				INFOPLIST_KEY_UIApplicationSceneManifest_Generation = YES;
				INFOPLIST_KEY_UIApplicationSupportsIndirectInputEvents = YES;
				INFOPLIST_KEY_UILaunchScreen_Generation = YES;
				INFOPLIST_KEY_UISupportedInterfaceOrientations_iPad = "UIInterfaceOrientationPortrait UIInterfaceOrientationPortraitUpsideDown UIInterfaceOrientationLandscapeLeft UIInterfaceOrientationLandscapeRight";
				INFOPLIST_KEY_UISupportedInterfaceOrientations_iPhone = "UIInterfaceOrientationPortrait UIInterfaceOrientationLandscapeLeft UIInterfaceOrientationLandscapeRight";
				LD_RUNPATH_SEARCH_PATHS = (
					"$(inherited)",
					"@executable_path/Frameworks",
				);
				MARKETING_VERSION = 1.0;
				PRODUCT_BUNDLE_IDENTIFIER = "com.dev5.Challenge-1";
				PRODUCT_NAME = "$(TARGET_NAME)";
				SWIFT_EMIT_LOC_STRINGS = YES;
				SWIFT_VERSION = 5.0;
				TARGETED_DEVICE_FAMILY = "1,2";
			};
			name = Release;
		};
		F0918AD22CA55452001DAA12 /* Debug */ = {
			isa = XCBuildConfiguration;
			buildSettings = {
				BUNDLE_LOADER = "$(TEST_HOST)";
				CODE_SIGN_STYLE = Automatic;
				CURRENT_PROJECT_VERSION = 1;
				GENERATE_INFOPLIST_FILE = YES;
				IPHONEOS_DEPLOYMENT_TARGET = 18.0;
				MARKETING_VERSION = 1.0;
				PRODUCT_BUNDLE_IDENTIFIER = "com.dev5.Challenge-1Tests";
				PRODUCT_NAME = "$(TARGET_NAME)";
				SWIFT_EMIT_LOC_STRINGS = NO;
				SWIFT_VERSION = 5.0;
				TARGETED_DEVICE_FAMILY = "1,2";
				TEST_HOST = "$(BUILT_PRODUCTS_DIR)/Challenge 1.app/$(BUNDLE_EXECUTABLE_FOLDER_PATH)/Challenge 1";
			};
			name = Debug;
		};
		F0918AD32CA55452001DAA12 /* Release */ = {
			isa = XCBuildConfiguration;
			buildSettings = {
				BUNDLE_LOADER = "$(TEST_HOST)";
				CODE_SIGN_STYLE = Automatic;
				CURRENT_PROJECT_VERSION = 1;
				GENERATE_INFOPLIST_FILE = YES;
				IPHONEOS_DEPLOYMENT_TARGET = 18.0;
				MARKETING_VERSION = 1.0;
				PRODUCT_BUNDLE_IDENTIFIER = "com.dev5.Challenge-1Tests";
				PRODUCT_NAME = "$(TARGET_NAME)";
				SWIFT_EMIT_LOC_STRINGS = NO;
				SWIFT_VERSION = 5.0;
				TARGETED_DEVICE_FAMILY = "1,2";
				TEST_HOST = "$(BUILT_PRODUCTS_DIR)/Challenge 1.app/$(BUNDLE_EXECUTABLE_FOLDER_PATH)/Challenge 1";
			};
			name = Release;
		};
		F0918AD52CA55452001DAA12 /* Debug */ = {
			isa = XCBuildConfiguration;
			buildSettings = {
				CODE_SIGN_STYLE = Automatic;
				CURRENT_PROJECT_VERSION = 1;
				GENERATE_INFOPLIST_FILE = YES;
				MARKETING_VERSION = 1.0;
				PRODUCT_BUNDLE_IDENTIFIER = "com.dev5.Challenge-1UITests";
				PRODUCT_NAME = "$(TARGET_NAME)";
				SWIFT_EMIT_LOC_STRINGS = NO;
				SWIFT_VERSION = 5.0;
				TARGETED_DEVICE_FAMILY = "1,2";
				TEST_TARGET_NAME = "Challenge 1";
			};
			name = Debug;
		};
		F0918AD62CA55452001DAA12 /* Release */ = {
			isa = XCBuildConfiguration;
			buildSettings = {
				CODE_SIGN_STYLE = Automatic;
				CURRENT_PROJECT_VERSION = 1;
				GENERATE_INFOPLIST_FILE = YES;
				MARKETING_VERSION = 1.0;
				PRODUCT_BUNDLE_IDENTIFIER = "com.dev5.Challenge-1UITests";
				PRODUCT_NAME = "$(TARGET_NAME)";
				SWIFT_EMIT_LOC_STRINGS = NO;
				SWIFT_VERSION = 5.0;
				TARGETED_DEVICE_FAMILY = "1,2";
				TEST_TARGET_NAME = "Challenge 1";
			};
			name = Release;
		};
/* End XCBuildConfiguration section */

/* Begin XCConfigurationList section */
		F0918AA02CA5544F001DAA12 /* Build configuration list for PBXProject "Challenge 1" */ = {
			isa = XCConfigurationList;
			buildConfigurations = (
				F0918ACC2CA55452001DAA12 /* Debug */,
				F0918ACD2CA55452001DAA12 /* Release */,
			);
			defaultConfigurationIsVisible = 0;
			defaultConfigurationName = Release;
		};
		F0918ACE2CA55452001DAA12 /* Build configuration list for PBXNativeTarget "Challenge 1" */ = {
			isa = XCConfigurationList;
			buildConfigurations = (
				F0918ACF2CA55452001DAA12 /* Debug */,
				F0918AD02CA55452001DAA12 /* Release */,
			);
			defaultConfigurationIsVisible = 0;
			defaultConfigurationName = Release;
		};
		F0918AD12CA55452001DAA12 /* Build configuration list for PBXNativeTarget "Challenge 1Tests" */ = {
			isa = XCConfigurationList;
			buildConfigurations = (
				F0918AD22CA55452001DAA12 /* Debug */,
				F0918AD32CA55452001DAA12 /* Release */,
			);
			defaultConfigurationIsVisible = 0;
			defaultConfigurationName = Release;
		};
		F0918AD42CA55452001DAA12 /* Build configuration list for PBXNativeTarget "Challenge 1UITests" */ = {
			isa = XCConfigurationList;
			buildConfigurations = (
				F0918AD52CA55452001DAA12 /* Debug */,
				F0918AD62CA55452001DAA12 /* Release */,
			);
			defaultConfigurationIsVisible = 0;
			defaultConfigurationName = Release;
		};
/* End XCConfigurationList section */
	};
	rootObject = F0918A9D2CA5544F001DAA12 /* Project object */;
}
